
Microsoft Visual Studio Solution File, Format Version 12.00
Project("{FAE04EC0-301F-11D3-BF4B-00C04F79EFBC}") = "CityDistance", "CityDistance\CityDistance.csproj", "{6AEEC0DD-AD0E-4F8B-B26B-369E5C555A6A}"
EndProject
Global
	GlobalSection(SolutionConfigurationPlatforms) = preSolution
		Debug|Any CPU = Debug|Any CPU
		Release|Any CPU = Release|Any CPU
	EndGlobalSection
	GlobalSection(ProjectConfigurationPlatforms) = postSolution
		{6AEEC0DD-AD0E-4F8B-B26B-369E5C555A6A}.Debug|Any CPU.ActiveCfg = Debug|Any CPU
		{6AEEC0DD-AD0E-4F8B-B26B-369E5C555A6A}.Debug|Any CPU.Build.0 = Debug|Any CPU
		{6AEEC0DD-AD0E-4F8B-B26B-369E5C555A6A}.Release|Any CPU.ActiveCfg = Release|Any CPU
		{6AEEC0DD-AD0E-4F8B-B26B-369E5C555A6A}.Release|Any CPU.Build.0 = Release|Any CPU
	EndGlobalSection
EndGlobal
